
Microsoft Visual Studio Solution File, Format Version 12.00
# Visual Studio Version 17
VisualStudioVersion = 17.10.35122.118
MinimumVisualStudioVersion = 10.0.40219.1
Project("{FAE04EC0-301F-11D3-BF4B-00C04F79EFBC}") = "TallerMecanico.api", "TallerMecanico.api\TallerMecanico.api.csproj", "{FEB3BE31-D4A3-4BCF-92C9-6E31A3730906}"
EndProject
Project("{FAE04EC0-301F-11D3-BF4B-00C04F79EFBC}") = "TallerMecanico.core", "TallerMecanico.core\TallerMecanico.core.csproj", "{FA0ECC2F-C315-4F54-9A9A-0E53E7D5D777}"
EndProject
Project("{FAE04EC0-301F-11D3-BF4B-00C04F79EFBC}") = "TallerMecanico.infrastructure", "TallerMecanico.infrastructure\TallerMecanico.infrastructure.csproj", "{7962A279-1883-46BA-BA73-DE92EC93B5B0}"
EndProject
Global
	GlobalSection(SolutionConfigurationPlatforms) = preSolution
		Debug|Any CPU = Debug|Any CPU
		Release|Any CPU = Release|Any CPU
	EndGlobalSection
	GlobalSection(ProjectConfigurationPlatforms) = postSolution
		{FEB3BE31-D4A3-4BCF-92C9-6E31A3730906}.Debug|Any CPU.ActiveCfg = Debug|Any CPU
		{FEB3BE31-D4A3-4BCF-92C9-6E31A3730906}.Debug|Any CPU.Build.0 = Debug|Any CPU
		{FEB3BE31-D4A3-4BCF-92C9-6E31A3730906}.Release|Any CPU.ActiveCfg = Release|Any CPU
		{FEB3BE31-D4A3-4BCF-92C9-6E31A3730906}.Release|Any CPU.Build.0 = Release|Any CPU
		{FA0ECC2F-C315-4F54-9A9A-0E53E7D5D777}.Debug|Any CPU.ActiveCfg = Debug|Any CPU
		{FA0ECC2F-C315-4F54-9A9A-0E53E7D5D777}.Debug|Any CPU.Build.0 = Debug|Any CPU
		{FA0ECC2F-C315-4F54-9A9A-0E53E7D5D777}.Release|Any CPU.ActiveCfg = Release|Any CPU
		{FA0ECC2F-C315-4F54-9A9A-0E53E7D5D777}.Release|Any CPU.Build.0 = Release|Any CPU
		{7962A279-1883-46BA-BA73-DE92EC93B5B0}.Debug|Any CPU.ActiveCfg = Debug|Any CPU
		{7962A279-1883-46BA-BA73-DE92EC93B5B0}.Debug|Any CPU.Build.0 = Debug|Any CPU
		{7962A279-1883-46BA-BA73-DE92EC93B5B0}.Release|Any CPU.ActiveCfg = Release|Any CPU
		{7962A279-1883-46BA-BA73-DE92EC93B5B0}.Release|Any CPU.Build.0 = Release|Any CPU
	EndGlobalSection
	GlobalSection(SolutionProperties) = preSolution
		HideSolutionNode = FALSE
	EndGlobalSection
	GlobalSection(ExtensibilityGlobals) = postSolution
		SolutionGuid = {0DE04E88-9FEC-48C1-B0EA-9B97D8F2B256}
	EndGlobalSection
EndGlobal
